Microsoft Visual Studio Solution File, Format Version 12.00
# Visual Studio Version 17
VisualStudioVersion = 17.5.2.0
MinimumVisualStudioVersion = 10.0.40219.1
Project("{FAE04EC0-301F-11D3-BF4B-00C04F79EFBC}") = "VendaPro", "VendaPro.csproj", "{91AFC6F4-E17F-7DEB-48A3-5EE0D7EE8915}"
EndProject
Global
	GlobalSection(SolutionConfigurationPlatforms) = preSolution
		Debug|Any CPU = Debug|Any CPU
		Release|Any CPU = Release|Any CPU
	EndGlobalSection
	GlobalSection(ProjectConfigurationPlatforms) = postSolution
		{91AFC6F4-E17F-7DEB-48A3-5EE0D7EE8915}.Debug|Any CPU.ActiveCfg = Debug|Any CPU
		{91AFC6F4-E17F-7DEB-48A3-5EE0D7EE8915}.Debug|Any CPU.Build.0 = Debug|Any CPU
		{91AFC6F4-E17F-7DEB-48A3-5EE0D7EE8915}.Release|Any CPU.ActiveCfg = Release|Any CPU
		{91AFC6F4-E17F-7DEB-48A3-5EE0D7EE8915}.Release|Any CPU.Build.0 = Release|Any CPU
	EndGlobalSection
	GlobalSection(SolutionProperties) = preSolution
		HideSolutionNode = FALSE
	EndGlobalSection
	GlobalSection(ExtensibilityGlobals) = postSolution
		SolutionGuid = {50602CD5-0AA1-40C4-86AD-AF4B5A2D0107}
	EndGlobalSection
EndGlobal
